
Microsoft Visual Studio Solution File, Format Version 12.00
# Visual Studio 15
VisualStudioVersion = 15.0.27130.2027
MinimumVisualStudioVersion = 10.0.40219.1
Project("{FAE04EC0-301F-11D3-BF4B-00C04F79EFBC}") = "TopGoers.Android", "TopGoers\TopGoers.Android\TopGoers.Android.csproj", "{7D131D5C-14EC-46D9-8E4A-76C5C5EBDD7C}"
	ProjectSection(ProjectDependencies) = postProject
		{E8BAE08B-E8F9-4D7E-9F74-D747B96A5099} = {E8BAE08B-E8F9-4D7E-9F74-D747B96A5099}
	EndProjectSection
EndProject
Project("{FAE04EC0-301F-11D3-BF4B-00C04F79EFBC}") = "TopGoers.iOS", "TopGoers\TopGoers.iOS\TopGoers.iOS.csproj", "{9E43F9FE-6CF9-408C-A2EC-9CBD6D2A7891}"
	ProjectSection(ProjectDependencies) = postProject
		{E8BAE08B-E8F9-4D7E-9F74-D747B96A5099} = {E8BAE08B-E8F9-4D7E-9F74-D747B96A5099}
	EndProjectSection
EndProject
Project("{FAE04EC0-301F-11D3-BF4B-00C04F79EFBC}") = "TopGoers.UWP", "TopGoers\TopGoers.UWP\TopGoers.UWP.csproj", "{39F334EF-AB72-4F4E-ADC0-CEC8832D44DF}"
	ProjectSection(ProjectDependencies) = postProject
		{E8BAE08B-E8F9-4D7E-9F74-D747B96A5099} = {E8BAE08B-E8F9-4D7E-9F74-D747B96A5099}
	EndProjectSection
EndProject
Project("{D954291E-2A0B-460D-934E-DC6B0785DB48}") = "TopGoers", "TopGoers\TopGoers\TopGoers.shproj", "{A1CCAF56-B04D-4F35-A0A4-8EB1B47DA426}"
EndProject
Project("{FAE04EC0-301F-11D3-BF4B-00C04F79EFBC}") = "TopGoers.Model", "TopGoers.Model\TopGoers.Model.csproj", "{E8BAE08B-E8F9-4D7E-9F74-D747B96A5099}"
EndProject
Project("{FAE04EC0-301F-11D3-BF4B-00C04F79EFBC}") = "TopGoers.ServiceModel", "TopGoers.ServiceModel\TopGoers.ServiceModel.csproj", "{3CC1E2D3-C778-4C4B-B622-63FBFC0BFAAC}"
EndProject
Global
	GlobalSection(SharedMSBuildProjectFiles) = preSolution
		TopGoers\TopGoers\TopGoers.projitems*{39f334ef-ab72-4f4e-adc0-cec8832d44df}*SharedItemsImports = 4
		TopGoers\TopGoers\TopGoers.projitems*{7d131d5c-14ec-46d9-8e4a-76c5c5ebdd7c}*SharedItemsImports = 4
		TopGoers\TopGoers\TopGoers.projitems*{9e43f9fe-6cf9-408c-a2ec-9cbd6d2a7891}*SharedItemsImports = 4
		TopGoers\TopGoers\TopGoers.projitems*{a1ccaf56-b04d-4f35-a0a4-8eb1b47da426}*SharedItemsImports = 13
	EndGlobalSection
	GlobalSection(SolutionConfigurationPlatforms) = preSolution
		Ad-Hoc|Any CPU = Ad-Hoc|Any CPU
		Ad-Hoc|ARM = Ad-Hoc|ARM
		Ad-Hoc|iPhone = Ad-Hoc|iPhone
		Ad-Hoc|iPhoneSimulator = Ad-Hoc|iPhoneSimulator
		Ad-Hoc|x64 = Ad-Hoc|x64
		Ad-Hoc|x86 = Ad-Hoc|x86
		AppStore|Any CPU = AppStore|Any CPU
		AppStore|ARM = AppStore|ARM
		AppStore|iPhone = AppStore|iPhone
		AppStore|iPhoneSimulator = AppStore|iPhoneSimulator
		AppStore|x64 = AppStore|x64
		AppStore|x86 = AppStore|x86
		Debug|Any CPU = Debug|Any CPU
		Debug|ARM = Debug|ARM
		Debug|iPhone = Debug|iPhone
		Debug|iPhoneSimulator = Debug|iPhoneSimulator
		Debug|x64 = Debug|x64
		Debug|x86 = Debug|x86
		Release|Any CPU = Release|Any CPU
		Release|ARM = Release|ARM
		Release|iPhone = Release|iPhone
		Release|iPhoneSimulator = Release|iPhoneSimulator
		Release|x64 = Release|x64
		Release|x86 = Release|x86
	EndGlobalSection
	GlobalSection(ProjectConfigurationPlatforms) = postSolution
		{7D131D5C-14EC-46D9-8E4A-76C5C5EBDD7C}.Ad-Hoc|Any CPU.ActiveCfg = Release|Any CPU
		{7D131D5C-14EC-46D9-8E4A-76C5C5EBDD7C}.Ad-Hoc|Any CPU.Build.0 = Release|Any CPU
		{7D131D5C-14EC-46D9-8E4A-76C5C5EBDD7C}.Ad-Hoc|Any CPU.Deploy.0 = Release|Any CPU
		{7D131D5C-14EC-46D9-8E4A-76C5C5EBDD7C}.Ad-Hoc|ARM.ActiveCfg = Release|Any CPU
		{7D131D5C-14EC-46D9-8E4A-76C5C5EBDD7C}.Ad-Hoc|ARM.Build.0 = Release|Any CPU
		{7D131D5C-14EC-46D9-8E4A-76C5C5EBDD7C}.Ad-Hoc|ARM.Deploy.0 = Release|Any CPU
		{7D131D5C-14EC-46D9-8E4A-76C5C5EBDD7C}.Ad-Hoc|iPhone.ActiveCfg = Release|Any CPU
		{7D131D5C-14EC-46D9-8E4A-76C5C5EBDD7C}.Ad-Hoc|iPhone.Build.0 = Release|Any CPU
		{7D131D5C-14EC-46D9-8E4A-76C5C5EBDD7C}.Ad-Hoc|iPhone.Deploy.0 = Release|Any CPU
		{7D131D5C-14EC-46D9-8E4A-76C5C5EBDD7C}.Ad-Hoc|iPhoneSimulator.ActiveCfg = Release|Any CPU
		{7D131D5C-14EC-46D9-8E4A-76C5C5EBDD7C}.Ad-Hoc|iPhoneSimulator.Build.0 = Release|Any CPU
		{7D131D5C-14EC-46D9-8E4A-76C5C5EBDD7C}.Ad-Hoc|iPhoneSimulator.Deploy.0 = Release|Any CPU
		{7D131D5C-14EC-46D9-8E4A-76C5C5EBDD7C}.Ad-Hoc|x64.ActiveCfg = Release|Any CPU
		{7D131D5C-14EC-46D9-8E4A-76C5C5EBDD7C}.Ad-Hoc|x64.Build.0 = Release|Any CPU
		{7D131D5C-14EC-46D9-8E4A-76C5C5EBDD7C}.Ad-Hoc|x64.Deploy.0 = Release|Any CPU
		{7D131D5C-14EC-46D9-8E4A-76C5C5EBDD7C}.Ad-Hoc|x86.ActiveCfg = Release|Any CPU
		{7D131D5C-14EC-46D9-8E4A-76C5C5EBDD7C}.Ad-Hoc|x86.Build.0 = Release|Any CPU
		{7D131D5C-14EC-46D9-8E4A-76C5C5EBDD7C}.Ad-Hoc|x86.Deploy.0 = Release|Any CPU
		{7D131D5C-14EC-46D9-8E4A-76C5C5EBDD7C}.AppStore|Any CPU.ActiveCfg = Release|Any CPU
		{7D131D5C-14EC-46D9-8E4A-76C5C5EBDD7C}.AppStore|Any CPU.Build.0 = Release|Any CPU
		{7D131D5C-14EC-46D9-8E4A-76C5C5EBDD7C}.AppStore|Any CPU.Deploy.0 = Release|Any CPU
		{7D131D5C-14EC-46D9-8E4A-76C5C5EBDD7C}.AppStore|ARM.ActiveCfg = Release|Any CPU
		{7D131D5C-14EC-46D9-8E4A-76C5C5EBDD7C}.AppStore|ARM.Build.0 = Release|Any CPU
		{7D131D5C-14EC-46D9-8E4A-76C5C5EBDD7C}.AppStore|ARM.Deploy.0 = Release|Any CPU
		{7D131D5C-14EC-46D9-8E4A-76C5C5EBDD7C}.AppStore|iPhone.ActiveCfg = Release|Any CPU
		{7D131D5C-14EC-46D9-8E4A-76C5C5EBDD7C}.AppStore|iPhone.Build.0 = Release|Any CPU
		{7D131D5C-14EC-46D9-8E4A-76C5C5EBDD7C}.AppStore|iPhone.Deploy.0 = Release|Any CPU
		{7D131D5C-14EC-46D9-8E4A-76C5C5EBDD7C}.AppStore|iPhoneSimulator.ActiveCfg = Release|Any CPU
		{7D131D5C-14EC-46D9-8E4A-76C5C5EBDD7C}.AppStore|iPhoneSimulator.Build.0 = Release|Any CPU
		{7D131D5C-14EC-46D9-8E4A-76C5C5EBDD7C}.AppStore|iPhoneSimulator.Deploy.0 = Release|Any CPU
		{7D131D5C-14EC-46D9-8E4A-76C5C5EBDD7C}.AppStore|x64.ActiveCfg = Release|Any CPU
		{7D131D5C-14EC-46D9-8E4A-76C5C5EBDD7C}.AppStore|x64.Build.0 = Release|Any CPU
		{7D131D5C-14EC-46D9-8E4A-76C5C5EBDD7C}.AppStore|x64.Deploy.0 = Release|Any CPU
		{7D131D5C-14EC-46D9-8E4A-76C5C5EBDD7C}.AppStore|x86.ActiveCfg = Release|Any CPU
		{7D131D5C-14EC-46D9-8E4A-76C5C5EBDD7C}.AppStore|x86.Build.0 = Release|Any CPU
		{7D131D5C-14EC-46D9-8E4A-76C5C5EBDD7C}.AppStore|x86.Deploy.0 = Release|Any CPU
		{7D131D5C-14EC-46D9-8E4A-76C5C5EBDD7C}.Debug|Any CPU.ActiveCfg = Debug|Any CPU
		{7D131D5C-14EC-46D9-8E4A-76C5C5EBDD7C}.Debug|Any CPU.Build.0 = Debug|Any CPU
		{7D131D5C-14EC-46D9-8E4A-76C5C5EBDD7C}.Debug|Any CPU.Deploy.0 = Debug|Any CPU
		{7D131D5C-14EC-46D9-8E4A-76C5C5EBDD7C}.Debug|ARM.ActiveCfg = Debug|Any CPU
		{7D131D5C-14EC-46D9-8E4A-76C5C5EBDD7C}.Debug|ARM.Build.0 = Debug|Any CPU
		{7D131D5C-14EC-46D9-8E4A-76C5C5EBDD7C}.Debug|ARM.Deploy.0 = Debug|Any CPU
		{7D131D5C-14EC-46D9-8E4A-76C5C5EBDD7C}.Debug|iPhone.ActiveCfg = Debug|Any CPU
		{7D131D5C-14EC-46D9-8E4A-76C5C5EBDD7C}.Debug|iPhone.Build.0 = Debug|Any CPU
		{7D131D5C-14EC-46D9-8E4A-76C5C5EBDD7C}.Debug|iPhone.Deploy.0 = Debug|Any CPU
		{7D131D5C-14EC-46D9-8E4A-76C5C5EBDD7C}.Debug|iPhoneSimulator.ActiveCfg = Debug|Any CPU
		{7D131D5C-14EC-46D9-8E4A-76C5C5EBDD7C}.Debug|iPhoneSimulator.Build.0 = Debug|Any CPU
		{7D131D5C-14EC-46D9-8E4A-76C5C5EBDD7C}.Debug|iPhoneSimulator.Deploy.0 = Debug|Any CPU
		{7D131D5C-14EC-46D9-8E4A-76C5C5EBDD7C}.Debug|x64.ActiveCfg = Debug|Any CPU
		{7D131D5C-14EC-46D9-8E4A-76C5C5EBDD7C}.Debug|x64.Build.0 = Debug|Any CPU
		{7D131D5C-14EC-46D9-8E4A-76C5C5EBDD7C}.Debug|x64.Deploy.0 = Debug|Any CPU
		{7D131D5C-14EC-46D9-8E4A-76C5C5EBDD7C}.Debug|x86.ActiveCfg = Debug|Any CPU
		{7D131D5C-14EC-46D9-8E4A-76C5C5EBDD7C}.Debug|x86.Build.0 = Debug|Any CPU
		{7D131D5C-14EC-46D9-8E4A-76C5C5EBDD7C}.Debug|x86.Deploy.0 = Debug|Any CPU
		{7D131D5C-14EC-46D9-8E4A-76C5C5EBDD7C}.Release|Any CPU.ActiveCfg = Release|Any CPU
		{7D131D5C-14EC-46D9-8E4A-76C5C5EBDD7C}.Release|Any CPU.Build.0 = Release|Any CPU
		{7D131D5C-14EC-46D9-8E4A-76C5C5EBDD7C}.Release|Any CPU.Deploy.0 = Release|Any CPU
		{7D131D5C-14EC-46D9-8E4A-76C5C5EBDD7C}.Release|ARM.ActiveCfg = Release|Any CPU
		{7D131D5C-14EC-46D9-8E4A-76C5C5EBDD7C}.Release|ARM.Build.0 = Release|Any CPU
		{7D131D5C-14EC-46D9-8E4A-76C5C5EBDD7C}.Release|ARM.Deploy.0 = Release|Any CPU
		{7D131D5C-14EC-46D9-8E4A-76C5C5EBDD7C}.Release|iPhone.ActiveCfg = Release|Any CPU
		{7D131D5C-14EC-46D9-8E4A-76C5C5EBDD7C}.Release|iPhone.Build.0 = Release|Any CPU
		{7D131D5C-14EC-46D9-8E4A-76C5C5EBDD7C}.Release|iPhone.Deploy.0 = Release|Any CPU
		{7D131D5C-14EC-46D9-8E4A-76C5C5EBDD7C}.Release|iPhoneSimulator.ActiveCfg = Release|Any CPU
		{7D131D5C-14EC-46D9-8E4A-76C5C5EBDD7C}.Release|iPhoneSimulator.Build.0 = Release|Any CPU
		{7D131D5C-14EC-46D9-8E4A-76C5C5EBDD7C}.Release|iPhoneSimulator.Deploy.0 = Release|Any CPU
		{7D131D5C-14EC-46D9-8E4A-76C5C5EBDD7C}.Release|x64.ActiveCfg = Release|Any CPU
		{7D131D5C-14EC-46D9-8E4A-76C5C5EBDD7C}.Release|x64.Build.0 = Release|Any CPU
		{7D131D5C-14EC-46D9-8E4A-76C5C5EBDD7C}.Release|x64.Deploy.0 = Release|Any CPU
		{7D131D5C-14EC-46D9-8E4A-76C5C5EBDD7C}.Release|x86.ActiveCfg = Release|Any CPU
		{7D131D5C-14EC-46D9-8E4A-76C5C5EBDD7C}.Release|x86.Build.0 = Release|Any CPU
		{7D131D5C-14EC-46D9-8E4A-76C5C5EBDD7C}.Release|x86.Deploy.0 = Release|Any CPU
		{9E43F9FE-6CF9-408C-A2EC-9CBD6D2A7891}.Ad-Hoc|Any CPU.ActiveCfg = Ad-Hoc|iPhone
		{9E43F9FE-6CF9-408C-A2EC-9CBD6D2A7891}.Ad-Hoc|ARM.ActiveCfg = Ad-Hoc|iPhone
		{9E43F9FE-6CF9-408C-A2EC-9CBD6D2A7891}.Ad-Hoc|iPhone.ActiveCfg = Ad-Hoc|iPhone
		{9E43F9FE-6CF9-408C-A2EC-9CBD6D2A7891}.Ad-Hoc|iPhone.Build.0 = Ad-Hoc|iPhone
		{9E43F9FE-6CF9-408C-A2EC-9CBD6D2A7891}.Ad-Hoc|iPhoneSimulator.ActiveCfg = Ad-Hoc|iPhoneSimulator
		{9E43F9FE-6CF9-408C-A2EC-9CBD6D2A7891}.Ad-Hoc|iPhoneSimulator.Build.0 = Ad-Hoc|iPhoneSimulator
		{9E43F9FE-6CF9-408C-A2EC-9CBD6D2A7891}.Ad-Hoc|x64.ActiveCfg = Ad-Hoc|iPhone
		{9E43F9FE-6CF9-408C-A2EC-9CBD6D2A7891}.Ad-Hoc|x86.ActiveCfg = Ad-Hoc|iPhone
		{9E43F9FE-6CF9-408C-A2EC-9CBD6D2A7891}.AppStore|Any CPU.ActiveCfg = AppStore|iPhone
		{9E43F9FE-6CF9-408C-A2EC-9CBD6D2A7891}.AppStore|ARM.ActiveCfg = AppStore|iPhone
		{9E43F9FE-6CF9-408C-A2EC-9CBD6D2A7891}.AppStore|iPhone.ActiveCfg = AppStore|iPhone
		{9E43F9FE-6CF9-408C-A2EC-9CBD6D2A7891}.AppStore|iPhone.Build.0 = AppStore|iPhone
		{9E43F9FE-6CF9-408C-A2EC-9CBD6D2A7891}.AppStore|iPhoneSimulator.ActiveCfg = AppStore|iPhoneSimulator
		{9E43F9FE-6CF9-408C-A2EC-9CBD6D2A7891}.AppStore|iPhoneSimulator.Build.0 = AppStore|iPhoneSimulator
		{9E43F9FE-6CF9-408C-A2EC-9CBD6D2A7891}.AppStore|x64.ActiveCfg = AppStore|iPhone
		{9E43F9FE-6CF9-408C-A2EC-9CBD6D2A7891}.AppStore|x86.ActiveCfg = AppStore|iPhone
		{9E43F9FE-6CF9-408C-A2EC-9CBD6D2A7891}.Debug|Any CPU.ActiveCfg = Debug|iPhone
		{9E43F9FE-6CF9-408C-A2EC-9CBD6D2A7891}.Debug|ARM.ActiveCfg = Debug|iPhone
		{9E43F9FE-6CF9-408C-A2EC-9CBD6D2A7891}.Debug|iPhone.ActiveCfg = Debug|iPhone
		{9E43F9FE-6CF9-408C-A2EC-9CBD6D2A7891}.Debug|iPhone.Build.0 = Debug|iPhone
		{9E43F9FE-6CF9-408C-A2EC-9CBD6D2A7891}.Debug|iPhoneSimulator.ActiveCfg = Debug|iPhoneSimulator
		{9E43F9FE-6CF9-408C-A2EC-9CBD6D2A7891}.Debug|iPhoneSimulator.Build.0 = Debug|iPhoneSimulator
		{9E43F9FE-6CF9-408C-A2EC-9CBD6D2A7891}.Debug|x64.ActiveCfg = Debug|iPhone
		{9E43F9FE-6CF9-408C-A2EC-9CBD6D2A7891}.Debug|x86.ActiveCfg = Debug|iPhone
		{9E43F9FE-6CF9-408C-A2EC-9CBD6D2A7891}.Release|Any CPU.ActiveCfg = Release|iPhone
		{9E43F9FE-6CF9-408C-A2EC-9CBD6D2A7891}.Release|ARM.ActiveCfg = Release|iPhone
		{9E43F9FE-6CF9-408C-A2EC-9CBD6D2A7891}.Release|iPhone.ActiveCfg = Release|iPhone
		{9E43F9FE-6CF9-408C-A2EC-9CBD6D2A7891}.Release|iPhone.Build.0 = Release|iPhone
		{9E43F9FE-6CF9-408C-A2EC-9CBD6D2A7891}.Release|iPhoneSimulator.ActiveCfg = Release|iPhoneSimulator
		{9E43F9FE-6CF9-408C-A2EC-9CBD6D2A7891}.Release|iPhoneSimulator.Build.0 = Release|iPhoneSimulator
		{9E43F9FE-6CF9-408C-A2EC-9CBD6D2A7891}.Release|x64.ActiveCfg = Release|iPhone
		{9E43F9FE-6CF9-408C-A2EC-9CBD6D2A7891}.Release|x86.ActiveCfg = Release|iPhone
		{39F334EF-AB72-4F4E-ADC0-CEC8832D44DF}.Ad-Hoc|Any CPU.ActiveCfg = Release|x86
		{39F334EF-AB72-4F4E-ADC0-CEC8832D44DF}.Ad-Hoc|Any CPU.Build.0 = Release|x86
		{39F334EF-AB72-4F4E-ADC0-CEC8832D44DF}.Ad-Hoc|Any CPU.Deploy.0 = Release|x86
		{39F334EF-AB72-4F4E-ADC0-CEC8832D44DF}.Ad-Hoc|ARM.ActiveCfg = Release|ARM
		{39F334EF-AB72-4F4E-ADC0-CEC8832D44DF}.Ad-Hoc|ARM.Build.0 = Release|ARM
		{39F334EF-AB72-4F4E-ADC0-CEC8832D44DF}.Ad-Hoc|ARM.Deploy.0 = Release|ARM
		{39F334EF-AB72-4F4E-ADC0-CEC8832D44DF}.Ad-Hoc|iPhone.ActiveCfg = Release|x86
		{39F334EF-AB72-4F4E-ADC0-CEC8832D44DF}.Ad-Hoc|iPhone.Build.0 = Release|x86
		{39F334EF-AB72-4F4E-ADC0-CEC8832D44DF}.Ad-Hoc|iPhone.Deploy.0 = Release|x86
		{39F334EF-AB72-4F4E-ADC0-CEC8832D44DF}.Ad-Hoc|iPhoneSimulator.ActiveCfg = Release|x86
		{39F334EF-AB72-4F4E-ADC0-CEC8832D44DF}.Ad-Hoc|iPhoneSimulator.Build.0 = Release|x86
		{39F334EF-AB72-4F4E-ADC0-CEC8832D44DF}.Ad-Hoc|iPhoneSimulator.Deploy.0 = Release|x86
		{39F334EF-AB72-4F4E-ADC0-CEC8832D44DF}.Ad-Hoc|x64.ActiveCfg = Release|x64
		{39F334EF-AB72-4F4E-ADC0-CEC8832D44DF}.Ad-Hoc|x64.Build.0 = Release|x64
		{39F334EF-AB72-4F4E-ADC0-CEC8832D44DF}.Ad-Hoc|x64.Deploy.0 = Release|x64
		{39F334EF-AB72-4F4E-ADC0-CEC8832D44DF}.Ad-Hoc|x86.ActiveCfg = Release|x86
		{39F334EF-AB72-4F4E-ADC0-CEC8832D44DF}.Ad-Hoc|x86.Build.0 = Release|x86
		{39F334EF-AB72-4F4E-ADC0-CEC8832D44DF}.Ad-Hoc|x86.Deploy.0 = Release|x86
		{39F334EF-AB72-4F4E-ADC0-CEC8832D44DF}.AppStore|Any CPU.ActiveCfg = Release|x86
		{39F334EF-AB72-4F4E-ADC0-CEC8832D44DF}.AppStore|Any CPU.Build.0 = Release|x86
		{39F334EF-AB72-4F4E-ADC0-CEC8832D44DF}.AppStore|Any CPU.Deploy.0 = Release|x86
		{39F334EF-AB72-4F4E-ADC0-CEC8832D44DF}.AppStore|ARM.ActiveCfg = Release|ARM
		{39F334EF-AB72-4F4E-ADC0-CEC8832D44DF}.AppStore|ARM.Build.0 = Release|ARM
		{39F334EF-AB72-4F4E-ADC0-CEC8832D44DF}.AppStore|ARM.Deploy.0 = Release|ARM
		{39F334EF-AB72-4F4E-ADC0-CEC8832D44DF}.AppStore|iPhone.ActiveCfg = Release|x86
		{39F334EF-AB72-4F4E-ADC0-CEC8832D44DF}.AppStore|iPhone.Build.0 = Release|x86
		{39F334EF-AB72-4F4E-ADC0-CEC8832D44DF}.AppStore|iPhone.Deploy.0 = Release|x86
		{39F334EF-AB72-4F4E-ADC0-CEC8832D44DF}.AppStore|iPhoneSimulator.ActiveCfg = Release|x86
		{39F334EF-AB72-4F4E-ADC0-CEC8832D44DF}.AppStore|iPhoneSimulator.Build.0 = Release|x86
		{39F334EF-AB72-4F4E-ADC0-CEC8832D44DF}.AppStore|iPhoneSimulator.Deploy.0 = Release|x86
		{39F334EF-AB72-4F4E-ADC0-CEC8832D44DF}.AppStore|x64.ActiveCfg = Release|x64
		{39F334EF-AB72-4F4E-ADC0-CEC8832D44DF}.AppStore|x64.Build.0 = Release|x64
		{39F334EF-AB72-4F4E-ADC0-CEC8832D44DF}.AppStore|x64.Deploy.0 = Release|x64
		{39F334EF-AB72-4F4E-ADC0-CEC8832D44DF}.AppStore|x86.ActiveCfg = Release|x86
		{39F334EF-AB72-4F4E-ADC0-CEC8832D44DF}.AppStore|x86.Build.0 = Release|x86
		{39F334EF-AB72-4F4E-ADC0-CEC8832D44DF}.AppStore|x86.Deploy.0 = Release|x86
		{39F334EF-AB72-4F4E-ADC0-CEC8832D44DF}.Debug|Any CPU.ActiveCfg = Debug|x86
		{39F334EF-AB72-4F4E-ADC0-CEC8832D44DF}.Debug|ARM.ActiveCfg = Debug|ARM
		{39F334EF-AB72-4F4E-ADC0-CEC8832D44DF}.Debug|ARM.Build.0 = Debug|ARM
		{39F334EF-AB72-4F4E-ADC0-CEC8832D44DF}.Debug|ARM.Deploy.0 = Debug|ARM
		{39F334EF-AB72-4F4E-ADC0-CEC8832D44DF}.Debug|iPhone.ActiveCfg = Debug|x86
		{39F334EF-AB72-4F4E-ADC0-CEC8832D44DF}.Debug|iPhoneSimulator.ActiveCfg = Debug|x86
		{39F334EF-AB72-4F4E-ADC0-CEC8832D44DF}.Debug|x64.ActiveCfg = Debug|x64
		{39F334EF-AB72-4F4E-ADC0-CEC8832D44DF}.Debug|x64.Build.0 = Debug|x64
		{39F334EF-AB72-4F4E-ADC0-CEC8832D44DF}.Debug|x64.Deploy.0 = Debug|x64
		{39F334EF-AB72-4F4E-ADC0-CEC8832D44DF}.Debug|x86.ActiveCfg = Debug|x86
		{39F334EF-AB72-4F4E-ADC0-CEC8832D44DF}.Debug|x86.Build.0 = Debug|x86
		{39F334EF-AB72-4F4E-ADC0-CEC8832D44DF}.Debug|x86.Deploy.0 = Debug|x86
		{39F334EF-AB72-4F4E-ADC0-CEC8832D44DF}.Release|Any CPU.ActiveCfg = Release|x86
		{39F334EF-AB72-4F4E-ADC0-CEC8832D44DF}.Release|ARM.ActiveCfg = Release|ARM
		{39F334EF-AB72-4F4E-ADC0-CEC8832D44DF}.Release|ARM.Build.0 = Release|ARM
		{39F334EF-AB72-4F4E-ADC0-CEC8832D44DF}.Release|ARM.Deploy.0 = Release|ARM
		{39F334EF-AB72-4F4E-ADC0-CEC8832D44DF}.Release|iPhone.ActiveCfg = Release|x86
		{39F334EF-AB72-4F4E-ADC0-CEC8832D44DF}.Release|iPhoneSimulator.ActiveCfg = Release|x86
		{39F334EF-AB72-4F4E-ADC0-CEC8832D44DF}.Release|x64.ActiveCfg = Release|x64
		{39F334EF-AB72-4F4E-ADC0-CEC8832D44DF}.Release|x64.Build.0 = Release|x64
		{39F334EF-AB72-4F4E-ADC0-CEC8832D44DF}.Release|x64.Deploy.0 = Release|x64
		{39F334EF-AB72-4F4E-ADC0-CEC8832D44DF}.Release|x86.ActiveCfg = Release|x86
		{39F334EF-AB72-4F4E-ADC0-CEC8832D44DF}.Release|x86.Build.0 = Release|x86
		{39F334EF-AB72-4F4E-ADC0-CEC8832D44DF}.Release|x86.Deploy.0 = Release|x86
		{E8BAE08B-E8F9-4D7E-9F74-D747B96A5099}.Ad-Hoc|Any CPU.ActiveCfg = Debug|Any CPU
		{E8BAE08B-E8F9-4D7E-9F74-D747B96A5099}.Ad-Hoc|Any CPU.Build.0 = Debug|Any CPU
		{E8BAE08B-E8F9-4D7E-9F74-D747B96A5099}.Ad-Hoc|ARM.ActiveCfg = Debug|Any CPU
		{E8BAE08B-E8F9-4D7E-9F74-D747B96A5099}.Ad-Hoc|ARM.Build.0 = Debug|Any CPU
		{E8BAE08B-E8F9-4D7E-9F74-D747B96A5099}.Ad-Hoc|iPhone.ActiveCfg = Debug|Any CPU
		{E8BAE08B-E8F9-4D7E-9F74-D747B96A5099}.Ad-Hoc|iPhone.Build.0 = Debug|Any CPU
		{E8BAE08B-E8F9-4D7E-9F74-D747B96A5099}.Ad-Hoc|iPhoneSimulator.ActiveCfg = Debug|Any CPU
		{E8BAE08B-E8F9-4D7E-9F74-D747B96A5099}.Ad-Hoc|iPhoneSimulator.Build.0 = Debug|Any CPU
		{E8BAE08B-E8F9-4D7E-9F74-D747B96A5099}.Ad-Hoc|x64.ActiveCfg = Debug|Any CPU
		{E8BAE08B-E8F9-4D7E-9F74-D747B96A5099}.Ad-Hoc|x64.Build.0 = Debug|Any CPU
		{E8BAE08B-E8F9-4D7E-9F74-D747B96A5099}.Ad-Hoc|x86.ActiveCfg = Debug|Any CPU
		{E8BAE08B-E8F9-4D7E-9F74-D747B96A5099}.Ad-Hoc|x86.Build.0 = Debug|Any CPU
		{E8BAE08B-E8F9-4D7E-9F74-D747B96A5099}.AppStore|Any CPU.ActiveCfg = Debug|Any CPU
		{E8BAE08B-E8F9-4D7E-9F74-D747B96A5099}.AppStore|Any CPU.Build.0 = Debug|Any CPU
		{E8BAE08B-E8F9-4D7E-9F74-D747B96A5099}.AppStore|ARM.ActiveCfg = Debug|Any CPU
		{E8BAE08B-E8F9-4D7E-9F74-D747B96A5099}.AppStore|ARM.Build.0 = Debug|Any CPU
		{E8BAE08B-E8F9-4D7E-9F74-D747B96A5099}.AppStore|iPhone.ActiveCfg = Debug|Any CPU
		{E8BAE08B-E8F9-4D7E-9F74-D747B96A5099}.AppStore|iPhone.Build.0 = Debug|Any CPU
		{E8BAE08B-E8F9-4D7E-9F74-D747B96A5099}.AppStore|iPhoneSimulator.ActiveCfg = Debug|Any CPU
		{E8BAE08B-E8F9-4D7E-9F74-D747B96A5099}.AppStore|iPhoneSimulator.Build.0 = Debug|Any CPU
		{E8BAE08B-E8F9-4D7E-9F74-D747B96A5099}.AppStore|x64.ActiveCfg = Debug|Any CPU
		{E8BAE08B-E8F9-4D7E-9F74-D747B96A5099}.AppStore|x64.Build.0 = Debug|Any CPU
		{E8BAE08B-E8F9-4D7E-9F74-D747B96A5099}.AppStore|x86.ActiveCfg = Debug|Any CPU
		{E8BAE08B-E8F9-4D7E-9F74-D747B96A5099}.AppStore|x86.Build.0 = Debug|Any CPU
		{E8BAE08B-E8F9-4D7E-9F74-D747B96A5099}.Debug|Any CPU.ActiveCfg = Debug|Any CPU
		{E8BAE08B-E8F9-4D7E-9F74-D747B96A5099}.Debug|Any CPU.Build.0 = Debug|Any CPU
		{E8BAE08B-E8F9-4D7E-9F74-D747B96A5099}.Debug|ARM.ActiveCfg = Debug|Any CPU
		{E8BAE08B-E8F9-4D7E-9F74-D747B96A5099}.Debug|ARM.Build.0 = Debug|Any CPU
		{E8BAE08B-E8F9-4D7E-9F74-D747B96A5099}.Debug|iPhone.ActiveCfg = Debug|Any CPU
		{E8BAE08B-E8F9-4D7E-9F74-D747B96A5099}.Debug|iPhone.Build.0 = Debug|Any CPU
		{E8BAE08B-E8F9-4D7E-9F74-D747B96A5099}.Debug|iPhoneSimulator.ActiveCfg = Debug|Any CPU
		{E8BAE08B-E8F9-4D7E-9F74-D747B96A5099}.Debug|iPhoneSimulator.Build.0 = Debug|Any CPU
		{E8BAE08B-E8F9-4D7E-9F74-D747B96A5099}.Debug|x64.ActiveCfg = Debug|Any CPU
		{E8BAE08B-E8F9-4D7E-9F74-D747B96A5099}.Debug|x64.Build.0 = Debug|Any CPU
		{E8BAE08B-E8F9-4D7E-9F74-D747B96A5099}.Debug|x86.ActiveCfg = Debug|Any CPU
		{E8BAE08B-E8F9-4D7E-9F74-D747B96A5099}.Debug|x86.Build.0 = Debug|Any CPU
		{E8BAE08B-E8F9-4D7E-9F74-D747B96A5099}.Release|Any CPU.ActiveCfg = Release|Any CPU
		{E8BAE08B-E8F9-4D7E-9F74-D747B96A5099}.Release|Any CPU.Build.0 = Release|Any CPU
		{E8BAE08B-E8F9-4D7E-9F74-D747B96A5099}.Release|ARM.ActiveCfg = Release|Any CPU
		{E8BAE08B-E8F9-4D7E-9F74-D747B96A5099}.Release|ARM.Build.0 = Release|Any CPU
		{E8BAE08B-E8F9-4D7E-9F74-D747B96A5099}.Release|iPhone.ActiveCfg = Release|Any CPU
		{E8BAE08B-E8F9-4D7E-9F74-D747B96A5099}.Release|iPhone.Build.0 = Release|Any CPU
		{E8BAE08B-E8F9-4D7E-9F74-D747B96A5099}.Release|iPhoneSimulator.ActiveCfg = Release|Any CPU
		{E8BAE08B-E8F9-4D7E-9F74-D747B96A5099}.Release|iPhoneSimulator.Build.0 = Release|Any CPU
		{E8BAE08B-E8F9-4D7E-9F74-D747B96A5099}.Release|x64.ActiveCfg = Release|Any CPU
		{E8BAE08B-E8F9-4D7E-9F74-D747B96A5099}.Release|x64.Build.0 = Release|Any CPU
		{E8BAE08B-E8F9-4D7E-9F74-D747B96A5099}.Release|x86.ActiveCfg = Release|Any CPU
		{E8BAE08B-E8F9-4D7E-9F74-D747B96A5099}.Release|x86.Build.0 = Release|Any CPU
		{3CC1E2D3-C778-4C4B-B622-63FBFC0BFAAC}.Ad-Hoc|Any CPU.ActiveCfg = Debug|Any CPU
		{3CC1E2D3-C778-4C4B-B622-63FBFC0BFAAC}.Ad-Hoc|Any CPU.Build.0 = Debug|Any CPU
		{3CC1E2D3-C778-4C4B-B622-63FBFC0BFAAC}.Ad-Hoc|ARM.ActiveCfg = Debug|Any CPU
		{3CC1E2D3-C778-4C4B-B622-63FBFC0BFAAC}.Ad-Hoc|ARM.Build.0 = Debug|Any CPU
		{3CC1E2D3-C778-4C4B-B622-63FBFC0BFAAC}.Ad-Hoc|iPhone.ActiveCfg = Debug|Any CPU
		{3CC1E2D3-C778-4C4B-B622-63FBFC0BFAAC}.Ad-Hoc|iPhone.Build.0 = Debug|Any CPU
		{3CC1E2D3-C778-4C4B-B622-63FBFC0BFAAC}.Ad-Hoc|iPhoneSimulator.ActiveCfg = Debug|Any CPU
		{3CC1E2D3-C778-4C4B-B622-63FBFC0BFAAC}.Ad-Hoc|iPhoneSimulator.Build.0 = Debug|Any CPU
		{3CC1E2D3-C778-4C4B-B622-63FBFC0BFAAC}.Ad-Hoc|x64.ActiveCfg = Debug|Any CPU
		{3CC1E2D3-C778-4C4B-B622-63FBFC0BFAAC}.Ad-Hoc|x64.Build.0 = Debug|Any CPU
		{3CC1E2D3-C778-4C4B-B622-63FBFC0BFAAC}.Ad-Hoc|x86.ActiveCfg = Debug|Any CPU
		{3CC1E2D3-C778-4C4B-B622-63FBFC0BFAAC}.Ad-Hoc|x86.Build.0 = Debug|Any CPU
		{3CC1E2D3-C778-4C4B-B622-63FBFC0BFAAC}.AppStore|Any CPU.ActiveCfg = Debug|Any CPU
		{3CC1E2D3-C778-4C4B-B622-63FBFC0BFAAC}.AppStore|Any CPU.Build.0 = Debug|Any CPU
		{3CC1E2D3-C778-4C4B-B622-63FBFC0BFAAC}.AppStore|ARM.ActiveCfg = Debug|Any CPU
		{3CC1E2D3-C778-4C4B-B622-63FBFC0BFAAC}.AppStore|ARM.Build.0 = Debug|Any CPU
		{3CC1E2D3-C778-4C4B-B622-63FBFC0BFAAC}.AppStore|iPhone.ActiveCfg = Debug|Any CPU
		{3CC1E2D3-C778-4C4B-B622-63FBFC0BFAAC}.AppStore|iPhone.Build.0 = Debug|Any CPU
		{3CC1E2D3-C778-4C4B-B622-63FBFC0BFAAC}.AppStore|iPhoneSimulator.ActiveCfg = Debug|Any CPU
		{3CC1E2D3-C778-4C4B-B622-63FBFC0BFAAC}.AppStore|iPhoneSimulator.Build.0 = Debug|Any CPU
		{3CC1E2D3-C778-4C4B-B622-63FBFC0BFAAC}.AppStore|x64.ActiveCfg = Debug|Any CPU
		{3CC1E2D3-C778-4C4B-B622-63FBFC0BFAAC}.AppStore|x64.Build.0 = Debug|Any CPU
		{3CC1E2D3-C778-4C4B-B622-63FBFC0BFAAC}.AppStore|x86.ActiveCfg = Debug|Any CPU
		{3CC1E2D3-C778-4C4B-B622-63FBFC0BFAAC}.AppStore|x86.Build.0 = Debug|Any CPU
		{3CC1E2D3-C778-4C4B-B622-63FBFC0BFAAC}.Debug|Any CPU.ActiveCfg = Debug|Any CPU
		{3CC1E2D3-C778-4C4B-B622-63FBFC0BFAAC}.Debug|Any CPU.Build.0 = Debug|Any CPU
		{3CC1E2D3-C778-4C4B-B622-63FBFC0BFAAC}.Debug|ARM.ActiveCfg = Debug|Any CPU
		{3CC1E2D3-C778-4C4B-B622-63FBFC0BFAAC}.Debug|ARM.Build.0 = Debug|Any CPU
		{3CC1E2D3-C778-4C4B-B622-63FBFC0BFAAC}.Debug|iPhone.ActiveCfg = Debug|Any CPU
		{3CC1E2D3-C778-4C4B-B622-63FBFC0BFAAC}.Debug|iPhone.Build.0 = Debug|Any CPU
		{3CC1E2D3-C778-4C4B-B622-63FBFC0BFAAC}.Debug|iPhoneSimulator.ActiveCfg = Debug|Any CPU
		{3CC1E2D3-C778-4C4B-B622-63FBFC0BFAAC}.Debug|iPhoneSimulator.Build.0 = Debug|Any CPU
		{3CC1E2D3-C778-4C4B-B622-63FBFC0BFAAC}.Debug|x64.ActiveCfg = Debug|Any CPU
		{3CC1E2D3-C778-4C4B-B622-63FBFC0BFAAC}.Debug|x64.Build.0 = Debug|Any CPU
		{3CC1E2D3-C778-4C4B-B622-63FBFC0BFAAC}.Debug|x86.ActiveCfg = Debug|Any CPU
		{3CC1E2D3-C778-4C4B-B622-63FBFC0BFAAC}.Debug|x86.Build.0 = Debug|Any CPU
		{3CC1E2D3-C778-4C4B-B622-63FBFC0BFAAC}.Release|Any CPU.ActiveCfg = Release|Any CPU
		{3CC1E2D3-C778-4C4B-B622-63FBFC0BFAAC}.Release|Any CPU.Build.0 = Release|Any CPU
		{3CC1E2D3-C778-4C4B-B622-63FBFC0BFAAC}.Release|ARM.ActiveCfg = Release|Any CPU
		{3CC1E2D3-C778-4C4B-B622-63FBFC0BFAAC}.Release|ARM.Build.0 = Release|Any CPU
		{3CC1E2D3-C778-4C4B-B622-63FBFC0BFAAC}.Release|iPhone.ActiveCfg = Release|Any CPU
		{3CC1E2D3-C778-4C4B-B622-63FBFC0BFAAC}.Release|iPhone.Build.0 = Release|Any CPU
		{3CC1E2D3-C778-4C4B-B622-63FBFC0BFAAC}.Release|iPhoneSimulator.ActiveCfg = Release|Any CPU
		{3CC1E2D3-C778-4C4B-B622-63FBFC0BFAAC}.Release|iPhoneSimulator.Build.0 = Release|Any CPU
		{3CC1E2D3-C778-4C4B-B622-63FBFC0BFAAC}.Release|x64.ActiveCfg = Release|Any CPU
		{3CC1E2D3-C778-4C4B-B622-63FBFC0BFAAC}.Release|x64.Build.0 = Release|Any CPU
		{3CC1E2D3-C778-4C4B-B622-63FBFC0BFAAC}.Release|x86.ActiveCfg = Release|Any CPU
		{3CC1E2D3-C778-4C4B-B622-63FBFC0BFAAC}.Release|x86.Build.0 = Release|Any CPU
	EndGlobalSection
	GlobalSection(SolutionProperties) = preSolution
		HideSolutionNode = FALSE
	EndGlobalSection
	GlobalSection(ExtensibilityGlobals) = postSolution
		SolutionGuid = {0B6023FC-FEC7-40C9-8E91-89D251729765}
	EndGlobalSection
EndGlobal
